
Microsoft Visual Studio Solution File, Format Version 12.00
# Visual Studio Version 17
VisualStudioVersion = 17.14.36203.30
MinimumVisualStudioVersion = 10.0.40219.1
Project("{FAE04EC0-301F-11D3-BF4B-00C04F79EFBC}") = "WebApiEcommerce.Application", "WebApiEComerce.Application\WebApiEcommerce.Application.csproj", "{0518746A-9E86-6680-5357-48449A775389}"
EndProject
Project("{FAE04EC0-301F-11D3-BF4B-00C04F79EFBC}") = "WebApiECommerce", "WebApiECommerce\WebApiECommerce.csproj", "{F9E2A4AB-5BF5-82C4-07FC-2FDA93DB8683}"
EndProject
Project("{FAE04EC0-301F-11D3-BF4B-00C04F79EFBC}") = "WebApiEcommerce.Domain", "WebApiECommerce.Domain\WebApiEcommerce.Domain.csproj", "{DB3C2E60-CC0A-33F9-3800-2546356E0DFD}"
EndProject
Project("{FAE04EC0-301F-11D3-BF4B-00C04F79EFBC}") = "WebApiEcommerce.Infrastructure", "WebApiECommerce.Infrastructure\WebApiEcommerce.Infrastructure.csproj", "{BB44F088-600F-DBDF-9833-0323701EF1FF}"
EndProject
Global
	GlobalSection(SolutionConfigurationPlatforms) = preSolution
		Debug|Any CPU = Debug|Any CPU
		Release|Any CPU = Release|Any CPU
	EndGlobalSection
	GlobalSection(ProjectConfigurationPlatforms) = postSolution
		{0518746A-9E86-6680-5357-48449A775389}.Debug|Any CPU.ActiveCfg = Debug|Any CPU
		{0518746A-9E86-6680-5357-48449A775389}.Debug|Any CPU.Build.0 = Debug|Any CPU
		{0518746A-9E86-6680-5357-48449A775389}.Release|Any CPU.ActiveCfg = Release|Any CPU
		{0518746A-9E86-6680-5357-48449A775389}.Release|Any CPU.Build.0 = Release|Any CPU
		{F9E2A4AB-5BF5-82C4-07FC-2FDA93DB8683}.Debug|Any CPU.ActiveCfg = Debug|Any CPU
		{F9E2A4AB-5BF5-82C4-07FC-2FDA93DB8683}.Debug|Any CPU.Build.0 = Debug|Any CPU
		{F9E2A4AB-5BF5-82C4-07FC-2FDA93DB8683}.Release|Any CPU.ActiveCfg = Release|Any CPU
		{F9E2A4AB-5BF5-82C4-07FC-2FDA93DB8683}.Release|Any CPU.Build.0 = Release|Any CPU
		{DB3C2E60-CC0A-33F9-3800-2546356E0DFD}.Debug|Any CPU.ActiveCfg = Debug|Any CPU
		{DB3C2E60-CC0A-33F9-3800-2546356E0DFD}.Debug|Any CPU.Build.0 = Debug|Any CPU
		{DB3C2E60-CC0A-33F9-3800-2546356E0DFD}.Release|Any CPU.ActiveCfg = Release|Any CPU
		{DB3C2E60-CC0A-33F9-3800-2546356E0DFD}.Release|Any CPU.Build.0 = Release|Any CPU
		{BB44F088-600F-DBDF-9833-0323701EF1FF}.Debug|Any CPU.ActiveCfg = Debug|Any CPU
		{BB44F088-600F-DBDF-9833-0323701EF1FF}.Debug|Any CPU.Build.0 = Debug|Any CPU
		{BB44F088-600F-DBDF-9833-0323701EF1FF}.Release|Any CPU.ActiveCfg = Release|Any CPU
		{BB44F088-600F-DBDF-9833-0323701EF1FF}.Release|Any CPU.Build.0 = Release|Any CPU
	EndGlobalSection
	GlobalSection(SolutionProperties) = preSolution
		HideSolutionNode = FALSE
	EndGlobalSection
	GlobalSection(ExtensibilityGlobals) = postSolution
		SolutionGuid = {903541F2-7B5B-46B6-AFD1-07ACCD3C6DC0}
	EndGlobalSection
EndGlobal
