
Microsoft Visual Studio Solution File, Format Version 12.00
# Visual Studio Version 17
VisualStudioVersion = 17.14.36203.30
MinimumVisualStudioVersion = 10.0.40219.1
Project("{FAE04EC0-301F-11D3-BF4B-00C04F79EFBC}") = "WebApiEducation", "WebApiEducation\WebApiEducation.csproj", "{02F1B576-F11E-4A6B-9F6E-A0B2CC50F165}"
EndProject
Project("{FAE04EC0-301F-11D3-BF4B-00C04F79EFBC}") = "WebApiEducation.Application", "WebApiEducation.Application\WebApiEducation.Application.csproj", "{664A80E4-F442-47A3-9966-7ADE1224064E}"
EndProject
Project("{FAE04EC0-301F-11D3-BF4B-00C04F79EFBC}") = "WebApiEducation.Domain", "WebApiEducation.Domain\WebApiEducation.Domain.csproj", "{D6D0CB98-198C-4962-A478-E046BB7A2E0A}"
EndProject
Project("{FAE04EC0-301F-11D3-BF4B-00C04F79EFBC}") = "WebApiEducation.Infrastructure", "WebApiEducation.Infrastructure\WebApiEducation.Infrastructure.csproj", "{B78BECFD-CBDE-4332-93B2-BC57CD3CEC76}"
EndProject
Global
	GlobalSection(SolutionConfigurationPlatforms) = preSolution
		Debug|Any CPU = Debug|Any CPU
		Release|Any CPU = Release|Any CPU
	EndGlobalSection
	GlobalSection(ProjectConfigurationPlatforms) = postSolution
		{02F1B576-F11E-4A6B-9F6E-A0B2CC50F165}.Debug|Any CPU.ActiveCfg = Debug|Any CPU
		{02F1B576-F11E-4A6B-9F6E-A0B2CC50F165}.Debug|Any CPU.Build.0 = Debug|Any CPU
		{02F1B576-F11E-4A6B-9F6E-A0B2CC50F165}.Release|Any CPU.ActiveCfg = Release|Any CPU
		{02F1B576-F11E-4A6B-9F6E-A0B2CC50F165}.Release|Any CPU.Build.0 = Release|Any CPU
		{664A80E4-F442-47A3-9966-7ADE1224064E}.Debug|Any CPU.ActiveCfg = Debug|Any CPU
		{664A80E4-F442-47A3-9966-7ADE1224064E}.Debug|Any CPU.Build.0 = Debug|Any CPU
		{664A80E4-F442-47A3-9966-7ADE1224064E}.Release|Any CPU.ActiveCfg = Release|Any CPU
		{664A80E4-F442-47A3-9966-7ADE1224064E}.Release|Any CPU.Build.0 = Release|Any CPU
		{D6D0CB98-198C-4962-A478-E046BB7A2E0A}.Debug|Any CPU.ActiveCfg = Debug|Any CPU
		{D6D0CB98-198C-4962-A478-E046BB7A2E0A}.Debug|Any CPU.Build.0 = Debug|Any CPU
		{D6D0CB98-198C-4962-A478-E046BB7A2E0A}.Release|Any CPU.ActiveCfg = Release|Any CPU
		{D6D0CB98-198C-4962-A478-E046BB7A2E0A}.Release|Any CPU.Build.0 = Release|Any CPU
		{B78BECFD-CBDE-4332-93B2-BC57CD3CEC76}.Debug|Any CPU.ActiveCfg = Debug|Any CPU
		{B78BECFD-CBDE-4332-93B2-BC57CD3CEC76}.Debug|Any CPU.Build.0 = Debug|Any CPU
		{B78BECFD-CBDE-4332-93B2-BC57CD3CEC76}.Release|Any CPU.ActiveCfg = Release|Any CPU
		{B78BECFD-CBDE-4332-93B2-BC57CD3CEC76}.Release|Any CPU.Build.0 = Release|Any CPU
	EndGlobalSection
	GlobalSection(SolutionProperties) = preSolution
		HideSolutionNode = FALSE
	EndGlobalSection
	GlobalSection(ExtensibilityGlobals) = postSolution
		SolutionGuid = {903541F2-7B5B-46B6-AFD1-07ACCD3C6DC0}
	EndGlobalSection
EndGlobal
